
Microsoft Visual Studio Solution File, Format Version 12.00
# Visual Studio Version 17
VisualStudioVersion = 17.13.35931.197
MinimumVisualStudioVersion = 10.0.40219.1
Project("{FAE04EC0-301F-11D3-BF4B-00C04F79EFBC}") = "ADO", "ADO\ADO.csproj", "{62F6BDAB-3888-4C25-B947-A73A4C2BECDB}"
EndProject
Project("{FAE04EC0-301F-11D3-BF4B-00C04F79EFBC}") = "DBtools", "DBtools\DBtools.csproj", "{CA859BCE-E083-496E-863E-9E1451D9499B}"
EndProject
Project("{FAE04EC0-301F-11D3-BF4B-00C04F79EFBC}") = "DLLcheck", "DLLcheck\DLLcheck.csproj", "{56B373FC-2EAC-457C-B766-B23D631ACBB3}"
EndProject
Global
	GlobalSection(SolutionConfigurationPlatforms) = preSolution
		Debug|Any CPU = Debug|Any CPU
		Release|Any CPU = Release|Any CPU
	EndGlobalSection
	GlobalSection(ProjectConfigurationPlatforms) = postSolution
		{62F6BDAB-3888-4C25-B947-A73A4C2BECDB}.Debug|Any CPU.ActiveCfg = Debug|Any CPU
		{62F6BDAB-3888-4C25-B947-A73A4C2BECDB}.Debug|Any CPU.Build.0 = Debug|Any CPU
		{62F6BDAB-3888-4C25-B947-A73A4C2BECDB}.Release|Any CPU.ActiveCfg = Release|Any CPU
		{62F6BDAB-3888-4C25-B947-A73A4C2BECDB}.Release|Any CPU.Build.0 = Release|Any CPU
		{CA859BCE-E083-496E-863E-9E1451D9499B}.Debug|Any CPU.ActiveCfg = Debug|Any CPU
		{CA859BCE-E083-496E-863E-9E1451D9499B}.Debug|Any CPU.Build.0 = Debug|Any CPU
		{CA859BCE-E083-496E-863E-9E1451D9499B}.Release|Any CPU.ActiveCfg = Release|Any CPU
		{CA859BCE-E083-496E-863E-9E1451D9499B}.Release|Any CPU.Build.0 = Release|Any CPU
		{56B373FC-2EAC-457C-B766-B23D631ACBB3}.Debug|Any CPU.ActiveCfg = Debug|Any CPU
		{56B373FC-2EAC-457C-B766-B23D631ACBB3}.Debug|Any CPU.Build.0 = Debug|Any CPU
		{56B373FC-2EAC-457C-B766-B23D631ACBB3}.Release|Any CPU.ActiveCfg = Release|Any CPU
		{56B373FC-2EAC-457C-B766-B23D631ACBB3}.Release|Any CPU.Build.0 = Release|Any CPU
	EndGlobalSection
	GlobalSection(SolutionProperties) = preSolution
		HideSolutionNode = FALSE
	EndGlobalSection
	GlobalSection(ExtensibilityGlobals) = postSolution
		SolutionGuid = {A3FFC052-5F51-449C-B1CD-6FADC817046C}
	EndGlobalSection
EndGlobal
